
Microsoft Visual Studio Solution File, Format Version 12.00
# Visual Studio 15
VisualStudioVersion = 15.0.27130.2010
MinimumVisualStudioVersion = 10.0.40219.1
Project("{FAE04EC0-301F-11D3-BF4B-00C04F79EFBC}") = "ktu9-7", "ktu9-7\ktu9-7.csproj", "{51B439AE-940B-4224-8C71-F3A5C4EE38F4}"
EndProject
Global
	GlobalSection(SolutionConfigurationPlatforms) = preSolution
		Debug|Any CPU = Debug|Any CPU
		Release|Any CPU = Release|Any CPU
	EndGlobalSection
	GlobalSection(ProjectConfigurationPlatforms) = postSolution
		{51B439AE-940B-4224-8C71-F3A5C4EE38F4}.Debug|Any CPU.ActiveCfg = Debug|Any CPU
		{51B439AE-940B-4224-8C71-F3A5C4EE38F4}.Debug|Any CPU.Build.0 = Debug|Any CPU
		{51B439AE-940B-4224-8C71-F3A5C4EE38F4}.Release|Any CPU.ActiveCfg = Release|Any CPU
		{51B439AE-940B-4224-8C71-F3A5C4EE38F4}.Release|Any CPU.Build.0 = Release|Any CPU
	EndGlobalSection
	GlobalSection(SolutionProperties) = preSolution
		HideSolutionNode = FALSE
	EndGlobalSection
	GlobalSection(ExtensibilityGlobals) = postSolution
		SolutionGuid = {DDE71D28-4C28-46C1-ADF4-222E19F47B18}
	EndGlobalSection
EndGlobal
